
Microsoft Visual Studio Solution File, Format Version 12.00
# Visual Studio Version 17
VisualStudioVersion = 17.10.35122.118
MinimumVisualStudioVersion = 10.0.40219.1
Project("{FAE04EC0-301F-11D3-BF4B-00C04F79EFBC}") = "Practice_18_4_1_", "Practice_18_4_1_\Practice_18_4_1_.csproj", "{EF427C3F-D665-40AA-B3A1-3A0887F86AE4}"
EndProject
Global
	GlobalSection(SolutionConfigurationPlatforms) = preSolution
		Debug|Any CPU = Debug|Any CPU
		Release|Any CPU = Release|Any CPU
	EndGlobalSection
	GlobalSection(ProjectConfigurationPlatforms) = postSolution
		{EF427C3F-D665-40AA-B3A1-3A0887F86AE4}.Debug|Any CPU.ActiveCfg = Debug|Any CPU
		{EF427C3F-D665-40AA-B3A1-3A0887F86AE4}.Debug|Any CPU.Build.0 = Debug|Any CPU
		{EF427C3F-D665-40AA-B3A1-3A0887F86AE4}.Release|Any CPU.ActiveCfg = Release|Any CPU
		{EF427C3F-D665-40AA-B3A1-3A0887F86AE4}.Release|Any CPU.Build.0 = Release|Any CPU
	EndGlobalSection
	GlobalSection(SolutionProperties) = preSolution
		HideSolutionNode = FALSE
	EndGlobalSection
	GlobalSection(ExtensibilityGlobals) = postSolution
		SolutionGuid = {E7EF2479-3C05-47DC-BADD-9813C53858C9}
	EndGlobalSection
EndGlobal
